
Microsoft Visual Studio Solution File, Format Version 12.00
Project("{FAE04EC0-301F-11D3-BF4B-00C04F79EFBC}") = "HRSystem.Web", "HRSystem.Web\HRSystem.Web.csproj", "{758CBA53-9434-40DB-9C21-BFFEA6E451C3}"
EndProject
Project("{FAE04EC0-301F-11D3-BF4B-00C04F79EFBC}") = "HRSystem.Data", "HRSystem.Data\HRSystem.Data.csproj", "{8EA25B02-D239-4C4F-8D8F-A63E899E4B37}"
EndProject
Project("{FAE04EC0-301F-11D3-BF4B-00C04F79EFBC}") = "HRSystem.Domain", "HRSystem.Domain\HRSystem.Domain.csproj", "{CEE4BA63-013F-4B17-9E07-5D88D61C76CC}"
EndProject
Project("{FAE04EC0-301F-11D3-BF4B-00C04F79EFBC}") = "HRSystem.Commands", "HRSystem.Commands\HRSystem.Commands.csproj", "{A865A12B-4DC7-4FF8-94A8-A112E45D29F2}"
EndProject
Project("{FAE04EC0-301F-11D3-BF4B-00C04F79EFBC}") = "HRSystem.Queries", "HRSystem.Queries\HRSystem.Queries.csproj", "{32663C8C-2F06-4C7B-9919-6A168EE91C9D}"
EndProject
Project("{FAE04EC0-301F-11D3-BF4B-00C04F79EFBC}") = "HRSystem.Common", "HRSystem.Common\HRSystem.Common.csproj", "{3A4A8AD0-0D10-4E35-BDCA-01AE4977E106}"
EndProject
Global
	GlobalSection(SolutionConfigurationPlatforms) = preSolution
		Debug|Any CPU = Debug|Any CPU
		Release|Any CPU = Release|Any CPU
	EndGlobalSection
	GlobalSection(ProjectConfigurationPlatforms) = postSolution
		{758CBA53-9434-40DB-9C21-BFFEA6E451C3}.Debug|Any CPU.ActiveCfg = Debug|Any CPU
		{758CBA53-9434-40DB-9C21-BFFEA6E451C3}.Debug|Any CPU.Build.0 = Debug|Any CPU
		{758CBA53-9434-40DB-9C21-BFFEA6E451C3}.Release|Any CPU.ActiveCfg = Release|Any CPU
		{758CBA53-9434-40DB-9C21-BFFEA6E451C3}.Release|Any CPU.Build.0 = Release|Any CPU
		{8EA25B02-D239-4C4F-8D8F-A63E899E4B37}.Debug|Any CPU.ActiveCfg = Debug|Any CPU
		{8EA25B02-D239-4C4F-8D8F-A63E899E4B37}.Debug|Any CPU.Build.0 = Debug|Any CPU
		{8EA25B02-D239-4C4F-8D8F-A63E899E4B37}.Release|Any CPU.ActiveCfg = Release|Any CPU
		{8EA25B02-D239-4C4F-8D8F-A63E899E4B37}.Release|Any CPU.Build.0 = Release|Any CPU
		{CEE4BA63-013F-4B17-9E07-5D88D61C76CC}.Debug|Any CPU.ActiveCfg = Debug|Any CPU
		{CEE4BA63-013F-4B17-9E07-5D88D61C76CC}.Debug|Any CPU.Build.0 = Debug|Any CPU
		{CEE4BA63-013F-4B17-9E07-5D88D61C76CC}.Release|Any CPU.ActiveCfg = Release|Any CPU
		{CEE4BA63-013F-4B17-9E07-5D88D61C76CC}.Release|Any CPU.Build.0 = Release|Any CPU
		{A865A12B-4DC7-4FF8-94A8-A112E45D29F2}.Debug|Any CPU.ActiveCfg = Debug|Any CPU
		{A865A12B-4DC7-4FF8-94A8-A112E45D29F2}.Debug|Any CPU.Build.0 = Debug|Any CPU
		{A865A12B-4DC7-4FF8-94A8-A112E45D29F2}.Release|Any CPU.ActiveCfg = Release|Any CPU
		{A865A12B-4DC7-4FF8-94A8-A112E45D29F2}.Release|Any CPU.Build.0 = Release|Any CPU
		{32663C8C-2F06-4C7B-9919-6A168EE91C9D}.Debug|Any CPU.ActiveCfg = Debug|Any CPU
		{32663C8C-2F06-4C7B-9919-6A168EE91C9D}.Debug|Any CPU.Build.0 = Debug|Any CPU
		{32663C8C-2F06-4C7B-9919-6A168EE91C9D}.Release|Any CPU.ActiveCfg = Release|Any CPU
		{32663C8C-2F06-4C7B-9919-6A168EE91C9D}.Release|Any CPU.Build.0 = Release|Any CPU
		{3A4A8AD0-0D10-4E35-BDCA-01AE4977E106}.Debug|Any CPU.ActiveCfg = Debug|Any CPU
		{3A4A8AD0-0D10-4E35-BDCA-01AE4977E106}.Debug|Any CPU.Build.0 = Debug|Any CPU
		{3A4A8AD0-0D10-4E35-BDCA-01AE4977E106}.Release|Any CPU.ActiveCfg = Release|Any CPU
		{3A4A8AD0-0D10-4E35-BDCA-01AE4977E106}.Release|Any CPU.Build.0 = Release|Any CPU
	EndGlobalSection
EndGlobal
